
Microsoft Visual Studio Solution File, Format Version 12.00
# Visual Studio Version 17
VisualStudioVersion = 17.5.33502.453
MinimumVisualStudioVersion = 10.0.40219.1
Project("{FAE04EC0-301F-11D3-BF4B-00C04F79EFBC}") = "EmployeeManagementSystem.Web.UI", "EmployeeManagementSystem.Web.UI.csproj", "{FC14826A-01B9-4090-9FEB-D2F57E7A8BBB}"
EndProject
Global
	GlobalSection(SolutionConfigurationPlatforms) = preSolution
		Debug|Any CPU = Debug|Any CPU
		Release|Any CPU = Release|Any CPU
	EndGlobalSection
	GlobalSection(ProjectConfigurationPlatforms) = postSolution
		{FC14826A-01B9-4090-9FEB-D2F57E7A8BBB}.Debug|Any CPU.ActiveCfg = Debug|Any CPU
		{FC14826A-01B9-4090-9FEB-D2F57E7A8BBB}.Debug|Any CPU.Build.0 = Debug|Any CPU
		{FC14826A-01B9-4090-9FEB-D2F57E7A8BBB}.Release|Any CPU.ActiveCfg = Release|Any CPU
		{FC14826A-01B9-4090-9FEB-D2F57E7A8BBB}.Release|Any CPU.Build.0 = Release|Any CPU
	EndGlobalSection
	GlobalSection(SolutionProperties) = preSolution
		HideSolutionNode = FALSE
	EndGlobalSection
	GlobalSection(ExtensibilityGlobals) = postSolution
		SolutionGuid = {CF43C4BD-C09D-4F23-A46A-AF9637D14703}
	EndGlobalSection
EndGlobal
